
Microsoft Visual Studio Solution File, Format Version 12.00
# Visual Studio Version 17
VisualStudioVersion = 17.14.36301.6 d17.14
MinimumVisualStudioVersion = 10.0.40219.1
Project("{FAE04EC0-301F-11D3-BF4B-00C04F79EFBC}") = "Fluxion", "Fluxion.csproj", "{46714FDB-CCEA-4291-9CEC-CF6321B84B4B}"
EndProject
Global
	GlobalSection(SolutionConfigurationPlatforms) = preSolution
		Debug|Any CPU = Debug|Any CPU
		Release|Any CPU = Release|Any CPU
	EndGlobalSection
	GlobalSection(ProjectConfigurationPlatforms) = postSolution
		{46714FDB-CCEA-4291-9CEC-CF6321B84B4B}.Debug|Any CPU.ActiveCfg = Debug|Any CPU
		{46714FDB-CCEA-4291-9CEC-CF6321B84B4B}.Debug|Any CPU.Build.0 = Debug|Any CPU
		{46714FDB-CCEA-4291-9CEC-CF6321B84B4B}.Release|Any CPU.ActiveCfg = Release|Any CPU
		{46714FDB-CCEA-4291-9CEC-CF6321B84B4B}.Release|Any CPU.Build.0 = Release|Any CPU
	EndGlobalSection
	GlobalSection(SolutionProperties) = preSolution
		HideSolutionNode = FALSE
	EndGlobalSection
	GlobalSection(ExtensibilityGlobals) = postSolution
		SolutionGuid = {CB4250A6-FA45-41F0-8503-069E7AC6A543}
	EndGlobalSection
EndGlobal
